
Microsoft Visual Studio Solution File, Format Version 12.00
# Visual Studio Version 17
VisualStudioVersion = 17.7.34202.233
MinimumVisualStudioVersion = 10.0.40219.1
Project("{FAE04EC0-301F-11D3-BF4B-00C04F79EFBC}") = "Session03MVCPL", "Session03MVCPL\Session03MVCPL.csproj", "{86DDA024-B89B-4A78-A669-E9F2F413ECBF}"
EndProject
Project("{FAE04EC0-301F-11D3-BF4B-00C04F79EFBC}") = "Session03MVCEDAL", "Session03MVCEDAL\Session03MVCEDAL.csproj", "{CB8FE3CC-0DEE-49DA-835B-437F32BE2FDC}"
EndProject
Project("{FAE04EC0-301F-11D3-BF4B-00C04F79EFBC}") = "Session03MVCBLL", "Session03MVCBLL\Session03MVCBLL.csproj", "{7261A49A-272A-4DFA-9437-6FF8B6AED349}"
EndProject
Global
	GlobalSection(SolutionConfigurationPlatforms) = preSolution
		Debug|Any CPU = Debug|Any CPU
		Release|Any CPU = Release|Any CPU
	EndGlobalSection
	GlobalSection(ProjectConfigurationPlatforms) = postSolution
		{86DDA024-B89B-4A78-A669-E9F2F413ECBF}.Debug|Any CPU.ActiveCfg = Debug|Any CPU
		{86DDA024-B89B-4A78-A669-E9F2F413ECBF}.Debug|Any CPU.Build.0 = Debug|Any CPU
		{86DDA024-B89B-4A78-A669-E9F2F413ECBF}.Release|Any CPU.ActiveCfg = Release|Any CPU
		{86DDA024-B89B-4A78-A669-E9F2F413ECBF}.Release|Any CPU.Build.0 = Release|Any CPU
		{CB8FE3CC-0DEE-49DA-835B-437F32BE2FDC}.Debug|Any CPU.ActiveCfg = Debug|Any CPU
		{CB8FE3CC-0DEE-49DA-835B-437F32BE2FDC}.Debug|Any CPU.Build.0 = Debug|Any CPU
		{CB8FE3CC-0DEE-49DA-835B-437F32BE2FDC}.Release|Any CPU.ActiveCfg = Release|Any CPU
		{CB8FE3CC-0DEE-49DA-835B-437F32BE2FDC}.Release|Any CPU.Build.0 = Release|Any CPU
		{7261A49A-272A-4DFA-9437-6FF8B6AED349}.Debug|Any CPU.ActiveCfg = Debug|Any CPU
		{7261A49A-272A-4DFA-9437-6FF8B6AED349}.Debug|Any CPU.Build.0 = Debug|Any CPU
		{7261A49A-272A-4DFA-9437-6FF8B6AED349}.Release|Any CPU.ActiveCfg = Release|Any CPU
		{7261A49A-272A-4DFA-9437-6FF8B6AED349}.Release|Any CPU.Build.0 = Release|Any CPU
	EndGlobalSection
	GlobalSection(SolutionProperties) = preSolution
		HideSolutionNode = FALSE
	EndGlobalSection
	GlobalSection(ExtensibilityGlobals) = postSolution
		SolutionGuid = {1734A855-2FB9-4AD2-84AC-6C2899433C0D}
	EndGlobalSection
EndGlobal
